
Microsoft Visual Studio Solution File, Format Version 12.00
# Visual Studio Version 17
VisualStudioVersion = 17.11.35222.181
MinimumVisualStudioVersion = 10.0.40219.1
Project("{FAE04EC0-301F-11D3-BF4B-00C04F79EFBC}") = "TodoApi", "TodoApi\TodoApi.csproj", "{EBEECB96-36A7-4B88-998D-DDCA0D769017}"
EndProject
Global
	GlobalSection(SolutionConfigurationPlatforms) = preSolution
		Debug|Any CPU = Debug|Any CPU
		Release|Any CPU = Release|Any CPU
	EndGlobalSection
	GlobalSection(ProjectConfigurationPlatforms) = postSolution
		{EBEECB96-36A7-4B88-998D-DDCA0D769017}.Debug|Any CPU.ActiveCfg = Debug|Any CPU
		{EBEECB96-36A7-4B88-998D-DDCA0D769017}.Debug|Any CPU.Build.0 = Debug|Any CPU
		{EBEECB96-36A7-4B88-998D-DDCA0D769017}.Release|Any CPU.ActiveCfg = Release|Any CPU
		{EBEECB96-36A7-4B88-998D-DDCA0D769017}.Release|Any CPU.Build.0 = Release|Any CPU
	EndGlobalSection
	GlobalSection(SolutionProperties) = preSolution
		HideSolutionNode = FALSE
	EndGlobalSection
	GlobalSection(ExtensibilityGlobals) = postSolution
		SolutionGuid = {A4A822C9-E241-4862-A1BB-F30350C2798F}
	EndGlobalSection
EndGlobal
